// !$*UTF8*$!
{
	archiveVersion = 1;
	classes = {
	};
	objectVersion = 48;
	objects = {

/* Begin PBXBuildFile section */
		11018449206B85AA005113AF /* Manager.swift in Sources */ = {isa = PBXBuildFile; fileRef = 11018448206B85AA005113AF /* Manager.swift */; };
		1101844B206BB967005113AF /* MessageViewController.swift in Sources */ = {isa = PBXBuildFile; fileRef = 1101844A206BB967005113AF /* MessageViewController.swift */; };
		1103807F2077EFAB00BF960D /* SystemConfiguration.framework in Frameworks */ = {isa = PBXBuildFile; fileRef = 1103807E2077EFAB00BF960D /* SystemConfiguration.framework */; };
		116A78F32057BEFC00B9218F /* AppDelegate.swift in Sources */ = {isa = PBXBuildFile; fileRef = 116A78F22057BEFC00B9218F /* AppDelegate.swift */; };
		116A78F52057BEFC00B9218F /* ViewController.swift in Sources */ = {isa = PBXBuildFile; fileRef = 116A78F42057BEFC00B9218F /* ViewController.swift */; };
		116A78F82057BEFC00B9218F /* Main.storyboard in Resources */ = {isa = PBXBuildFile; fileRef = 116A78F62057BEFC00B9218F /* Main.storyboard */; };
		116A78FA2057BEFC00B9218F /* Assets.xcassets in Resources */ = {isa = PBXBuildFile; fileRef = 116A78F92057BEFC00B9218F /* Assets.xcassets */; };
		116A78FD2057BEFC00B9218F /* LaunchScreen.storyboard in Resources */ = {isa = PBXBuildFile; fileRef = 116A78FB2057BEFC00B9218F /* LaunchScreen.storyboard */; };
		11758AD0207CDC0F00A232FA /* MpulseTabViewController.swift in Sources */ = {isa = PBXBuildFile; fileRef = 11758ACF207CDC0F00A232FA /* MpulseTabViewController.swift */; };
		11987D242063BF2300BC9A05 /* InboxViewController.swift in Sources */ = {isa = PBXBuildFile; fileRef = 11987D232063BF2300BC9A05 /* InboxViewController.swift */; };
		119AC5DD2060EA69007BE295 /* UserNotifications.framework in Frameworks */ = {isa = PBXBuildFile; fileRef = 116A79062057E3B500B9218F /* UserNotifications.framework */; };
		2428E0DED04C1016F6613D91 /* libPods-TestPlatformPN.a in Frameworks */ = {isa = PBXBuildFile; fileRef = D201BA90B2B9E11172DC5D23 /* libPods-TestPlatformPN.a */; };
		3A4358F52105B19300E06DDE /* CPAddEventViewController.swift in Sources */ = {isa = PBXBuildFile; fileRef = 3A4358F42105B19300E06DDE /* CPAddEventViewController.swift */; };
		3A4C588E21083FFC002780E0 /* ProgressCommand.swift in Sources */ = {isa = PBXBuildFile; fileRef = 3A4C588D21083FF3002780E0 /* ProgressCommand.swift */; };
		3A54FE212101C4FC00076BEB /* CPLoginViewController.swift in Sources */ = {isa = PBXBuildFile; fileRef = 3A54FE202101C4FC00076BEB /* CPLoginViewController.swift */; };
		3A54FE262101C7D600076BEB /* AlertHelper.swift in Sources */ = {isa = PBXBuildFile; fileRef = 3A54FE252101C7D600076BEB /* AlertHelper.swift */; };
		3A54FE282101CC5200076BEB /* CPWelcomeViewCotroller.swift in Sources */ = {isa = PBXBuildFile; fileRef = 3A54FE272101CC5200076BEB /* CPWelcomeViewCotroller.swift */; };
		3A54FE552101EE1C00076BEB /* CPMemberViewController.swift in Sources */ = {isa = PBXBuildFile; fileRef = 3A54FE542101EE1C00076BEB /* CPMemberViewController.swift */; };
		3A54FE572101EF0C00076BEB /* MemberFieldCell.swift in Sources */ = {isa = PBXBuildFile; fileRef = 3A54FE562101EF0C00076BEB /* MemberFieldCell.swift */; };
		3A60C0B1210727C000F629AA /* InputField.swift in Sources */ = {isa = PBXBuildFile; fileRef = 3A60C0B0210727C000F629AA /* InputField.swift */; };
		3A60D3B02110858E001288B4 /* MpulseFramework.framework in Embed Frameworks */ = {isa = PBXBuildFile; fileRef = 3A60D3AE21108585001288B4 /* MpulseFramework.framework */; settings = {ATTRIBUTES = (CodeSignOnCopy, RemoveHeadersOnCopy, ); }; };
		3A66EC502105ADE80057CA8B /* TPKeyboardAvoidingCollectionView.m in Sources */ = {isa = PBXBuildFile; fileRef = 3A66EC4A2105ADE60057CA8B /* TPKeyboardAvoidingCollectionView.m */; };
		3A66EC512105ADE80057CA8B /* UIScrollView+TPKeyboardAvoidingAdditions.m in Sources */ = {isa = PBXBuildFile; fileRef = 3A66EC4D2105ADE70057CA8B /* UIScrollView+TPKeyboardAvoidingAdditions.m */; };
		3A66EC522105ADE80057CA8B /* TPKeyboardAvoidingTableView.m in Sources */ = {isa = PBXBuildFile; fileRef = 3A66EC4E2105ADE70057CA8B /* TPKeyboardAvoidingTableView.m */; };
		3A66EC532105ADE80057CA8B /* TPKeyboardAvoidingScrollView.m in Sources */ = {isa = PBXBuildFile; fileRef = 3A66EC4F2105ADE80057CA8B /* TPKeyboardAvoidingScrollView.m */; };
		3A7EBC05211327A700F64416 /* mpulseServices-Info-cp.plist in Resources */ = {isa = PBXBuildFile; fileRef = 3A7EBC042113279E00F64416 /* mpulseServices-Info-cp.plist */; };
		3A7EBC072113283200F64416 /* mpulseServices-Info.plist in Resources */ = {isa = PBXBuildFile; fileRef = 3A7EBC06211327D800F64416 /* mpulseServices-Info.plist */; };
/* End PBXBuildFile section */

/* Begin PBXCopyFilesBuildPhase section */
		3A0127CC20E3D0D00057D90F /* Embed Frameworks */ = {
			isa = PBXCopyFilesBuildPhase;
			buildActionMask = 2147483647;
			dstPath = "";
			dstSubfolderSpec = 10;
			files = (
				3A60D3B02110858E001288B4 /* MpulseFramework.framework in Embed Frameworks */,
			);
			name = "Embed Frameworks";
			runOnlyForDeploymentPostprocessing = 0;
		};
/* End PBXCopyFilesBuildPhase section */

/* Begin PBXFileReference section */
		11018448206B85AA005113AF /* Manager.swift */ = {isa = PBXFileReference; lastKnownFileType = sourcecode.swift; path = Manager.swift; sourceTree = "<group>"; };
		1101844A206BB967005113AF /* MessageViewController.swift */ = {isa = PBXFileReference; lastKnownFileType = sourcecode.swift; path = MessageViewController.swift; sourceTree = "<group>"; };
		1103807E2077EFAB00BF960D /* SystemConfiguration.framework */ = {isa = PBXFileReference; lastKnownFileType = wrapper.framework; name = SystemConfiguration.framework; path = System/Library/Frameworks/SystemConfiguration.framework; sourceTree = SDKROOT; };
		116A78EF2057BEFB00B9218F /* TestPlatformPN.app */ = {isa = PBXFileReference; explicitFileType = wrapper.application; includeInIndex = 0; path = TestPlatformPN.app; sourceTree = BUILT_PRODUCTS_DIR; };
		116A78F22057BEFC00B9218F /* AppDelegate.swift */ = {isa = PBXFileReference; lastKnownFileType = sourcecode.swift; path = AppDelegate.swift; sourceTree = "<group>"; };
		116A78F42057BEFC00B9218F /* ViewController.swift */ = {isa = PBXFileReference; lastKnownFileType = sourcecode.swift; path = ViewController.swift; sourceTree = "<group>"; };
		116A78F72057BEFC00B9218F /* Base */ = {isa = PBXFileReference; lastKnownFileType = file.storyboard; name = Base; path = Base.lproj/Main.storyboard; sourceTree = "<group>"; };
		116A78F92057BEFC00B9218F /* Assets.xcassets */ = {isa = PBXFileReference; lastKnownFileType = folder.assetcatalog; path = Assets.xcassets; sourceTree = "<group>"; };
		116A78FC2057BEFC00B9218F /* Base */ = {isa = PBXFileReference; lastKnownFileType = file.storyboard; name = Base; path = Base.lproj/LaunchScreen.storyboard; sourceTree = "<group>"; };
		116A78FE2057BEFC00B9218F /* Info.plist */ = {isa = PBXFileReference; lastKnownFileType = text.plist.xml; path = Info.plist; sourceTree = "<group>"; };
		116A79042057C96A00B9218F /* TestPlatformPN.entitlements */ = {isa = PBXFileReference; lastKnownFileType = text.plist.entitlements; path = TestPlatformPN.entitlements; sourceTree = "<group>"; };
		116A79062057E3B500B9218F /* UserNotifications.framework */ = {isa = PBXFileReference; lastKnownFileType = wrapper.framework; name = UserNotifications.framework; path = System/Library/Frameworks/UserNotifications.framework; sourceTree = SDKROOT; };
		11758ACF207CDC0F00A232FA /* MpulseTabViewController.swift */ = {isa = PBXFileReference; lastKnownFileType = sourcecode.swift; path = MpulseTabViewController.swift; sourceTree = "<group>"; };
		11987D232063BF2300BC9A05 /* InboxViewController.swift */ = {isa = PBXFileReference; lastKnownFileType = sourcecode.swift; path = InboxViewController.swift; sourceTree = "<group>"; };
		3A4358F42105B19300E06DDE /* CPAddEventViewController.swift */ = {isa = PBXFileReference; lastKnownFileType = sourcecode.swift; path = CPAddEventViewController.swift; sourceTree = "<group>"; };
		3A4C588D21083FF3002780E0 /* ProgressCommand.swift */ = {isa = PBXFileReference; lastKnownFileType = sourcecode.swift; path = ProgressCommand.swift; sourceTree = "<group>"; };
		3A54FE202101C4FC00076BEB /* CPLoginViewController.swift */ = {isa = PBXFileReference; lastKnownFileType = sourcecode.swift; path = CPLoginViewController.swift; sourceTree = "<group>"; };
		3A54FE252101C7D600076BEB /* AlertHelper.swift */ = {isa = PBXFileReference; lastKnownFileType = sourcecode.swift; path = AlertHelper.swift; sourceTree = "<group>"; };
		3A54FE272101CC5200076BEB /* CPWelcomeViewCotroller.swift */ = {isa = PBXFileReference; lastKnownFileType = sourcecode.swift; path = CPWelcomeViewCotroller.swift; sourceTree = "<group>"; };
		3A54FE542101EE1C00076BEB /* CPMemberViewController.swift */ = {isa = PBXFileReference; lastKnownFileType = sourcecode.swift; path = CPMemberViewController.swift; sourceTree = "<group>"; };
		3A54FE562101EF0C00076BEB /* MemberFieldCell.swift */ = {isa = PBXFileReference; lastKnownFileType = sourcecode.swift; path = MemberFieldCell.swift; sourceTree = "<group>"; };
		3A60C0B0210727C000F629AA /* InputField.swift */ = {isa = PBXFileReference; lastKnownFileType = sourcecode.swift; path = InputField.swift; sourceTree = "<group>"; };
		3A60D3AE21108585001288B4 /* MpulseFramework.framework */ = {isa = PBXFileReference; lastKnownFileType = wrapper.framework; path = MpulseFramework.framework; sourceTree = "<group>"; };
		3A66EC3B2105A2AF0057CA8B /* TestPlatformPN-Bridging-Header.h */ = {isa = PBXFileReference; lastKnownFileType = sourcecode.c.h; path = "TestPlatformPN-Bridging-Header.h"; sourceTree = "<group>"; };
		3A66EC482105ADE60057CA8B /* TPKeyboardAvoidingCollectionView.h */ = {isa = PBXFileReference; lastKnownFileType = sourcecode.c.h; path = TPKeyboardAvoidingCollectionView.h; sourceTree = "<group>"; };
		3A66EC492105ADE60057CA8B /* UIScrollView+TPKeyboardAvoidingAdditions.h */ = {isa = PBXFileReference; lastKnownFileType = sourcecode.c.h; path = "UIScrollView+TPKeyboardAvoidingAdditions.h"; sourceTree = "<group>"; };
		3A66EC4A2105ADE60057CA8B /* TPKeyboardAvoidingCollectionView.m */ = {isa = PBXFileReference; lastKnownFileType = sourcecode.c.objc; path = TPKeyboardAvoidingCollectionView.m; sourceTree = "<group>"; };
		3A66EC4B2105ADE70057CA8B /* TPKeyboardAvoidingScrollView.h */ = {isa = PBXFileReference; lastKnownFileType = sourcecode.c.h; path = TPKeyboardAvoidingScrollView.h; sourceTree = "<group>"; };
		3A66EC4C2105ADE70057CA8B /* TPKeyboardAvoidingTableView.h */ = {isa = PBXFileReference; lastKnownFileType = sourcecode.c.h; path = TPKeyboardAvoidingTableView.h; sourceTree = "<group>"; };
		3A66EC4D2105ADE70057CA8B /* UIScrollView+TPKeyboardAvoidingAdditions.m */ = {isa = PBXFileReference; lastKnownFileType = sourcecode.c.objc; path = "UIScrollView+TPKeyboardAvoidingAdditions.m"; sourceTree = "<group>"; };
		3A66EC4E2105ADE70057CA8B /* TPKeyboardAvoidingTableView.m */ = {isa = PBXFileReference; lastKnownFileType = sourcecode.c.objc; path = TPKeyboardAvoidingTableView.m; sourceTree = "<group>"; };
		3A66EC4F2105ADE80057CA8B /* TPKeyboardAvoidingScrollView.m */ = {isa = PBXFileReference; lastKnownFileType = sourcecode.c.objc; path = TPKeyboardAvoidingScrollView.m; sourceTree = "<group>"; };
		3A7EBC042113279E00F64416 /* mpulseServices-Info-cp.plist */ = {isa = PBXFileReference; lastKnownFileType = text.plist.xml; path = "mpulseServices-Info-cp.plist"; sourceTree = "<group>"; };
		3A7EBC06211327D800F64416 /* mpulseServices-Info.plist */ = {isa = PBXFileReference; lastKnownFileType = text.plist.xml; path = "mpulseServices-Info.plist"; sourceTree = "<group>"; };
		A764BC852068C63331E2B5C8 /* Pods-TestPlatformPN.release.xcconfig */ = {isa = PBXFileReference; includeInIndex = 1; lastKnownFileType = text.xcconfig; name = "Pods-TestPlatformPN.release.xcconfig"; path = "Pods/Target Support Files/Pods-TestPlatformPN/Pods-TestPlatformPN.release.xcconfig"; sourceTree = "<group>"; };
		D201BA90B2B9E11172DC5D23 /* libPods-TestPlatformPN.a */ = {isa = PBXFileReference; explicitFileType = archive.ar; includeInIndex = 0; path = "libPods-TestPlatformPN.a"; sourceTree = BUILT_PRODUCTS_DIR; };
		F1F53AB3FCC51062D44AE257 /* Pods-TestPlatformPN.debug.xcconfig */ = {isa = PBXFileReference; includeInIndex = 1; lastKnownFileType = text.xcconfig; name = "Pods-TestPlatformPN.debug.xcconfig"; path = "Pods/Target Support Files/Pods-TestPlatformPN/Pods-TestPlatformPN.debug.xcconfig"; sourceTree = "<group>"; };
/* End PBXFileReference section */

/* Begin PBXFrameworksBuildPhase section */
		116A78EC2057BEFB00B9218F /* Frameworks */ = {
			isa = PBXFrameworksBuildPhase;
			buildActionMask = 2147483647;
			files = (
				1103807F2077EFAB00BF960D /* SystemConfiguration.framework in Frameworks */,
				119AC5DD2060EA69007BE295 /* UserNotifications.framework in Frameworks */,
				2428E0DED04C1016F6613D91 /* libPods-TestPlatformPN.a in Frameworks */,
			);
			runOnlyForDeploymentPostprocessing = 0;
		};
/* End PBXFrameworksBuildPhase section */

/* Begin PBXGroup section */
		116A78E62057BEFB00B9218F = {
			isa = PBXGroup;
			children = (
				116A78F12057BEFB00B9218F /* TestPlatformPN */,
				116A78F02057BEFB00B9218F /* Products */,
				116A79052057E3B400B9218F /* Frameworks */,
				9A87D8ECE986A742CDC42076 /* Pods */,
			);
			sourceTree = "<group>";
		};
		116A78F02057BEFB00B9218F /* Products */ = {
			isa = PBXGroup;
			children = (
				116A78EF2057BEFB00B9218F /* TestPlatformPN.app */,
			);
			name = Products;
			sourceTree = "<group>";
		};
		116A78F12057BEFB00B9218F /* TestPlatformPN */ = {
			isa = PBXGroup;
			children = (
				3A66EC552105AE250057CA8B /* TPKeyboardAvoiding */,
				3A4C588C21083FD1002780E0 /* ProgressIndicator */,
				116A79042057C96A00B9218F /* TestPlatformPN.entitlements */,
				3A60D3AE21108585001288B4 /* MpulseFramework.framework */,
				116A78F22057BEFC00B9218F /* AppDelegate.swift */,
				3A7EBC042113279E00F64416 /* mpulseServices-Info-cp.plist */,
				3A7EBC06211327D800F64416 /* mpulseServices-Info.plist */,
				3A54FE252101C7D600076BEB /* AlertHelper.swift */,
				116A78F42057BEFC00B9218F /* ViewController.swift */,
				11987D232063BF2300BC9A05 /* InboxViewController.swift */,
				3A54FE532101ED3100076BEB /* Control Panel */,
				116A78F62057BEFC00B9218F /* Main.storyboard */,
				116A78F92057BEFC00B9218F /* Assets.xcassets */,
				116A78FB2057BEFC00B9218F /* LaunchScreen.storyboard */,
				116A78FE2057BEFC00B9218F /* Info.plist */,
				11018448206B85AA005113AF /* Manager.swift */,
				1101844A206BB967005113AF /* MessageViewController.swift */,
				11758ACF207CDC0F00A232FA /* MpulseTabViewController.swift */,
				3A66EC3B2105A2AF0057CA8B /* TestPlatformPN-Bridging-Header.h */,
			);
			path = TestPlatformPN;
			sourceTree = "<group>";
		};
		116A79052057E3B400B9218F /* Frameworks */ = {
			isa = PBXGroup;
			children = (
				1103807E2077EFAB00BF960D /* SystemConfiguration.framework */,
				116A79062057E3B500B9218F /* UserNotifications.framework */,
				D201BA90B2B9E11172DC5D23 /* libPods-TestPlatformPN.a */,
			);
			name = Frameworks;
			sourceTree = "<group>";
		};
		3A4C588C21083FD1002780E0 /* ProgressIndicator */ = {
			isa = PBXGroup;
			children = (
				3A4C588D21083FF3002780E0 /* ProgressCommand.swift */,
			);
			name = ProgressIndicator;
			sourceTree = "<group>";
		};
		3A54FE532101ED3100076BEB /* Control Panel */ = {
			isa = PBXGroup;
			children = (
				3A54FE202101C4FC00076BEB /* CPLoginViewController.swift */,
				3A54FE272101CC5200076BEB /* CPWelcomeViewCotroller.swift */,
				3A54FE542101EE1C00076BEB /* CPMemberViewController.swift */,
				3A4358F42105B19300E06DDE /* CPAddEventViewController.swift */,
				3A54FE562101EF0C00076BEB /* MemberFieldCell.swift */,
				3A60C0B0210727C000F629AA /* InputField.swift */,
			);
			path = "Control Panel";
			sourceTree = "<group>";
		};
		3A66EC552105AE250057CA8B /* TPKeyboardAvoiding */ = {
			isa = PBXGroup;
			children = (
				3A66EC482105ADE60057CA8B /* TPKeyboardAvoidingCollectionView.h */,
				3A66EC4A2105ADE60057CA8B /* TPKeyboardAvoidingCollectionView.m */,
				3A66EC4B2105ADE70057CA8B /* TPKeyboardAvoidingScrollView.h */,
				3A66EC4F2105ADE80057CA8B /* TPKeyboardAvoidingScrollView.m */,
				3A66EC4C2105ADE70057CA8B /* TPKeyboardAvoidingTableView.h */,
				3A66EC4E2105ADE70057CA8B /* TPKeyboardAvoidingTableView.m */,
				3A66EC492105ADE60057CA8B /* UIScrollView+TPKeyboardAvoidingAdditions.h */,
				3A66EC4D2105ADE70057CA8B /* UIScrollView+TPKeyboardAvoidingAdditions.m */,
			);
			path = TPKeyboardAvoiding;
			sourceTree = "<group>";
		};
		9A87D8ECE986A742CDC42076 /* Pods */ = {
			isa = PBXGroup;
			children = (
				F1F53AB3FCC51062D44AE257 /* Pods-TestPlatformPN.debug.xcconfig */,
				A764BC852068C63331E2B5C8 /* Pods-TestPlatformPN.release.xcconfig */,
			);
			name = Pods;
			sourceTree = "<group>";
		};
/* End PBXGroup section */

/* Begin PBXNativeTarget section */
		116A78EE2057BEFB00B9218F /* TestPlatformPN */ = {
			isa = PBXNativeTarget;
			buildConfigurationList = 116A79012057BEFC00B9218F /* Build configuration list for PBXNativeTarget "TestPlatformPN" */;
			buildPhases = (
				C77BDE0B04D0AA25ED935DD2 /* [CP] Check Pods Manifest.lock */,
				116A78EB2057BEFB00B9218F /* Sources */,
				116A78EC2057BEFB00B9218F /* Frameworks */,
				116A78ED2057BEFB00B9218F /* Resources */,
				3A0127CC20E3D0D00057D90F /* Embed Frameworks */,
			);
			buildRules = (
			);
			dependencies = (
			);
			name = TestPlatformPN;
			productName = TestPlatformPN;
			productReference = 116A78EF2057BEFB00B9218F /* TestPlatformPN.app */;
			productType = "com.apple.product-type.application";
		};
/* End PBXNativeTarget section */

/* Begin PBXProject section */
		116A78E72057BEFB00B9218F /* Project object */ = {
			isa = PBXProject;
			attributes = {
				LastSwiftUpdateCheck = 0900;
				LastUpgradeCheck = 0900;
				ORGANIZATIONNAME = mPulse;
				TargetAttributes = {
					116A78EE2057BEFB00B9218F = {
						CreatedOnToolsVersion = 9.0;
						LastSwiftMigration = 0900;
						ProvisioningStyle = Automatic;
						SystemCapabilities = {
							com.apple.Push = {
								enabled = 1;
							};
						};
					};
				};
			};
			buildConfigurationList = 116A78EA2057BEFB00B9218F /* Build configuration list for PBXProject "TestPlatformPN" */;
			compatibilityVersion = "Xcode 8.0";
			developmentRegion = en;
			hasScannedForEncodings = 0;
			knownRegions = (
				en,
				Base,
			);
			mainGroup = 116A78E62057BEFB00B9218F;
			productRefGroup = 116A78F02057BEFB00B9218F /* Products */;
			projectDirPath = "";
			projectRoot = "";
			targets = (
				116A78EE2057BEFB00B9218F /* TestPlatformPN */,
			);
		};
/* End PBXProject section */

/* Begin PBXResourcesBuildPhase section */
		116A78ED2057BEFB00B9218F /* Resources */ = {
			isa = PBXResourcesBuildPhase;
			buildActionMask = 2147483647;
			files = (
				3A7EBC072113283200F64416 /* mpulseServices-Info.plist in Resources */,
				116A78FD2057BEFC00B9218F /* LaunchScreen.storyboard in Resources */,
				3A7EBC05211327A700F64416 /* mpulseServices-Info-cp.plist in Resources */,
				116A78FA2057BEFC00B9218F /* Assets.xcassets in Resources */,
				116A78F82057BEFC00B9218F /* Main.storyboard in Resources */,
			);
			runOnlyForDeploymentPostprocessing = 0;
		};
/* End PBXResourcesBuildPhase section */

/* Begin PBXShellScriptBuildPhase section */
		C77BDE0B04D0AA25ED935DD2 /* [CP] Check Pods Manifest.lock */ = {
			isa = PBXShellScriptBuildPhase;
			buildActionMask = 2147483647;
			files = (
			);
			inputPaths = (
				"${PODS_PODFILE_DIR_PATH}/Podfile.lock",
				"${PODS_ROOT}/Manifest.lock",
			);
			name = "[CP] Check Pods Manifest.lock";
			outputPaths = (
				"$(DERIVED_FILE_DIR)/Pods-TestPlatformPN-checkManifestLockResult.txt",
			);
			runOnlyForDeploymentPostprocessing = 0;
			shellPath = /bin/sh;
			shellScript = "diff \"${PODS_PODFILE_DIR_PATH}/Podfile.lock\" \"${PODS_ROOT}/Manifest.lock\" > /dev/null\nif [ $? != 0 ] ; then\n    # print error to STDERR\n    echo \"error: The sandbox is not in sync with the Podfile.lock. Run 'pod install' or update your CocoaPods installation.\" >&2\n    exit 1\nfi\n# This output is used by Xcode 'outputs' to avoid re-running this script phase.\necho \"SUCCESS\" > \"${SCRIPT_OUTPUT_FILE_0}\"\n";
			showEnvVarsInLog = 0;
		};
/* End PBXShellScriptBuildPhase section */

/* Begin PBXSourcesBuildPhase section */
		116A78EB2057BEFB00B9218F /* Sources */ = {
			isa = PBXSourcesBuildPhase;
			buildActionMask = 2147483647;
			files = (
				116A78F52057BEFC00B9218F /* ViewController.swift in Sources */,
				11987D242063BF2300BC9A05 /* InboxViewController.swift in Sources */,
				3A4C588E21083FFC002780E0 /* ProgressCommand.swift in Sources */,
				11758AD0207CDC0F00A232FA /* MpulseTabViewController.swift in Sources */,
				3A66EC512105ADE80057CA8B /* UIScrollView+TPKeyboardAvoidingAdditions.m in Sources */,
				11018449206B85AA005113AF /* Manager.swift in Sources */,
				3A54FE282101CC5200076BEB /* CPWelcomeViewCotroller.swift in Sources */,
				3A4358F52105B19300E06DDE /* CPAddEventViewController.swift in Sources */,
				3A66EC532105ADE80057CA8B /* TPKeyboardAvoidingScrollView.m in Sources */,
				3A54FE262101C7D600076BEB /* AlertHelper.swift in Sources */,
				3A54FE572101EF0C00076BEB /* MemberFieldCell.swift in Sources */,
				1101844B206BB967005113AF /* MessageViewController.swift in Sources */,
				3A60C0B1210727C000F629AA /* InputField.swift in Sources */,
				3A66EC522105ADE80057CA8B /* TPKeyboardAvoidingTableView.m in Sources */,
				3A54FE552101EE1C00076BEB /* CPMemberViewController.swift in Sources */,
				116A78F32057BEFC00B9218F /* AppDelegate.swift in Sources */,
				3A66EC502105ADE80057CA8B /* TPKeyboardAvoidingCollectionView.m in Sources */,
				3A54FE212101C4FC00076BEB /* CPLoginViewController.swift in Sources */,
			);
			runOnlyForDeploymentPostprocessing = 0;
		};
/* End PBXSourcesBuildPhase section */

/* Begin PBXVariantGroup section */
		116A78F62057BEFC00B9218F /* Main.storyboard */ = {
			isa = PBXVariantGroup;
			children = (
				116A78F72057BEFC00B9218F /* Base */,
			);
			name = Main.storyboard;
			sourceTree = "<group>";
		};
		116A78FB2057BEFC00B9218F /* LaunchScreen.storyboard */ = {
			isa = PBXVariantGroup;
			children = (
				116A78FC2057BEFC00B9218F /* Base */,
			);
			name = LaunchScreen.storyboard;
			sourceTree = "<group>";
		};
/* End PBXVariantGroup section */

/* Begin XCBuildConfiguration section */
		116A78FF2057BEFC00B9218F /* Debug */ = {
			isa = XCBuildConfiguration;
			buildSettings = {
				ALWAYS_SEARCH_USER_PATHS = NO;
				CLANG_ANALYZER_NONNULL = YES;
				CLANG_ANALYZER_NUMBER_OBJECT_CONVERSION = YES_AGGRESSIVE;
				CLANG_CXX_LANGUAGE_STANDARD = "gnu++14";
				CLANG_CXX_LIBRARY = "libc++";
				CLANG_ENABLE_MODULES = YES;
				CLANG_ENABLE_OBJC_ARC = YES;
				CLANG_WARN_BLOCK_CAPTURE_AUTORELEASING = YES;
				CLANG_WARN_BOOL_CONVERSION = YES;
				CLANG_WARN_COMMA = YES;
				CLANG_WARN_CONSTANT_CONVERSION = YES;
				CLANG_WARN_DIRECT_OBJC_ISA_USAGE = YES_ERROR;
				CLANG_WARN_DOCUMENTATION_COMMENTS = YES;
				CLANG_WARN_EMPTY_BODY = YES;
				CLANG_WARN_ENUM_CONVERSION = YES;
				CLANG_WARN_INFINITE_RECURSION = YES;
				CLANG_WARN_INT_CONVERSION = YES;
				CLANG_WARN_NON_LITERAL_NULL_CONVERSION = YES;
				CLANG_WARN_OBJC_LITERAL_CONVERSION = YES;
				CLANG_WARN_OBJC_ROOT_CLASS = YES_ERROR;
				CLANG_WARN_RANGE_LOOP_ANALYSIS = YES;
				CLANG_WARN_STRICT_PROTOTYPES = YES;
				CLANG_WARN_SUSPICIOUS_MOVE = YES;
				CLANG_WARN_UNGUARDED_AVAILABILITY = YES_AGGRESSIVE;
				CLANG_WARN_UNREACHABLE_CODE = YES;
				CLANG_WARN__DUPLICATE_METHOD_MATCH = YES;
				CODE_SIGN_IDENTITY = "iPhone Developer";
				COPY_PHASE_STRIP = NO;
				DEBUG_INFORMATION_FORMAT = dwarf;
				ENABLE_STRICT_OBJC_MSGSEND = YES;
				ENABLE_TESTABILITY = YES;
				GCC_C_LANGUAGE_STANDARD = gnu11;
				GCC_DYNAMIC_NO_PIC = NO;
				GCC_NO_COMMON_BLOCKS = YES;
				GCC_OPTIMIZATION_LEVEL = 0;
				GCC_PREPROCESSOR_DEFINITIONS = (
					"DEBUG=1",
					"$(inherited)",
				);
				GCC_WARN_64_TO_32_BIT_CONVERSION = YES;
				GCC_WARN_ABOUT_RETURN_TYPE = YES_ERROR;
				GCC_WARN_UNDECLARED_SELECTOR = YES;
				GCC_WARN_UNINITIALIZED_AUTOS = YES_AGGRESSIVE;
				GCC_WARN_UNUSED_FUNCTION = YES;
				GCC_WARN_UNUSED_VARIABLE = YES;
				IPHONEOS_DEPLOYMENT_TARGET = 11.0;
				MTL_ENABLE_DEBUG_INFO = YES;
				ONLY_ACTIVE_ARCH = YES;
				SDKROOT = iphoneos;
				SWIFT_ACTIVE_COMPILATION_CONDITIONS = DEBUG;
				SWIFT_OPTIMIZATION_LEVEL = "-Onone";
			};
			name = Debug;
		};
		116A79002057BEFC00B9218F /* Release */ = {
			isa = XCBuildConfiguration;
			buildSettings = {
				ALWAYS_SEARCH_USER_PATHS = NO;
				CLANG_ANALYZER_NONNULL = YES;
				CLANG_ANALYZER_NUMBER_OBJECT_CONVERSION = YES_AGGRESSIVE;
				CLANG_CXX_LANGUAGE_STANDARD = "gnu++14";
				CLANG_CXX_LIBRARY = "libc++";
				CLANG_ENABLE_MODULES = YES;
				CLANG_ENABLE_OBJC_ARC = YES;
				CLANG_WARN_BLOCK_CAPTURE_AUTORELEASING = YES;
				CLANG_WARN_BOOL_CONVERSION = YES;
				CLANG_WARN_COMMA = YES;
				CLANG_WARN_CONSTANT_CONVERSION = YES;
				CLANG_WARN_DIRECT_OBJC_ISA_USAGE = YES_ERROR;
				CLANG_WARN_DOCUMENTATION_COMMENTS = YES;
				CLANG_WARN_EMPTY_BODY = YES;
				CLANG_WARN_ENUM_CONVERSION = YES;
				CLANG_WARN_INFINITE_RECURSION = YES;
				CLANG_WARN_INT_CONVERSION = YES;
				CLANG_WARN_NON_LITERAL_NULL_CONVERSION = YES;
				CLANG_WARN_OBJC_LITERAL_CONVERSION = YES;
				CLANG_WARN_OBJC_ROOT_CLASS = YES_ERROR;
				CLANG_WARN_RANGE_LOOP_ANALYSIS = YES;
				CLANG_WARN_STRICT_PROTOTYPES = YES;
				CLANG_WARN_SUSPICIOUS_MOVE = YES;
				CLANG_WARN_UNGUARDED_AVAILABILITY = YES_AGGRESSIVE;
				CLANG_WARN_UNREACHABLE_CODE = YES;
				CLANG_WARN__DUPLICATE_METHOD_MATCH = YES;
				CODE_SIGN_IDENTITY = "iPhone Developer";
				COPY_PHASE_STRIP = NO;
				DEBUG_INFORMATION_FORMAT = "dwarf-with-dsym";
				ENABLE_NS_ASSERTIONS = NO;
				ENABLE_STRICT_OBJC_MSGSEND = YES;
				GCC_C_LANGUAGE_STANDARD = gnu11;
				GCC_NO_COMMON_BLOCKS = YES;
				GCC_WARN_64_TO_32_BIT_CONVERSION = YES;
				GCC_WARN_ABOUT_RETURN_TYPE = YES_ERROR;
				GCC_WARN_UNDECLARED_SELECTOR = YES;
				GCC_WARN_UNINITIALIZED_AUTOS = YES_AGGRESSIVE;
				GCC_WARN_UNUSED_FUNCTION = YES;
				GCC_WARN_UNUSED_VARIABLE = YES;
				IPHONEOS_DEPLOYMENT_TARGET = 11.0;
				MTL_ENABLE_DEBUG_INFO = NO;
				SDKROOT = iphoneos;
				SWIFT_OPTIMIZATION_LEVEL = "-Owholemodule";
				VALIDATE_PRODUCT = YES;
			};
			name = Release;
		};
		116A79022057BEFC00B9218F /* Debug */ = {
			isa = XCBuildConfiguration;
			baseConfigurationReference = F1F53AB3FCC51062D44AE257 /* Pods-TestPlatformPN.debug.xcconfig */;
			buildSettings = {
				ASSETCATALOG_COMPILER_APPICON_NAME = AppIcon;
				CLANG_ENABLE_MODULES = YES;
				CODE_SIGN_ENTITLEMENTS = TestPlatformPN/TestPlatformPN.entitlements;
				"CODE_SIGN_IDENTITY[sdk=iphoneos*]" = "iPhone Developer";
				CODE_SIGN_STYLE = Automatic;
				DEVELOPMENT_TEAM = SNQQJDD73U;
				ENABLE_BITCODE = NO;
				FRAMEWORK_SEARCH_PATHS = (
					"$(inherited)",
					"$(PROJECT_DIR)/TestPlatformPN",
					"$(PROJECT_DIR)",
				);
				INFOPLIST_FILE = TestPlatformPN/Info.plist;
				IPHONEOS_DEPLOYMENT_TARGET = 9.0;
				LD_RUNPATH_SEARCH_PATHS = "$(inherited) @executable_path/Frameworks";
				LIBRARY_SEARCH_PATHS = "$(inherited)";
				PRODUCT_BUNDLE_IDENTIFIER = mPulse.TestPlatformPN;
				PRODUCT_NAME = "$(TARGET_NAME)";
				PROVISIONING_PROFILE = "";
				PROVISIONING_PROFILE_SPECIFIER = "";
				SWIFT_OBJC_BRIDGING_HEADER = "TestPlatformPN/TestPlatformPN-Bridging-Header.h";
				SWIFT_OPTIMIZATION_LEVEL = "-Onone";
				SWIFT_VERSION = 4.0;
				TARGETED_DEVICE_FAMILY = "1,2";
			};
			name = Debug;
		};
		116A79032057BEFC00B9218F /* Release */ = {
			isa = XCBuildConfiguration;
			baseConfigurationReference = A764BC852068C63331E2B5C8 /* Pods-TestPlatformPN.release.xcconfig */;
			buildSettings = {
				ASSETCATALOG_COMPILER_APPICON_NAME = AppIcon;
				CLANG_ENABLE_MODULES = YES;
				CODE_SIGN_ENTITLEMENTS = TestPlatformPN/TestPlatformPN.entitlements;
				"CODE_SIGN_IDENTITY[sdk=iphoneos*]" = "iPhone Developer";
				CODE_SIGN_STYLE = Automatic;
				DEVELOPMENT_TEAM = SNQQJDD73U;
				ENABLE_BITCODE = NO;
				FRAMEWORK_SEARCH_PATHS = (
					"$(inherited)",
					"$(PROJECT_DIR)/TestPlatformPN",
					"$(PROJECT_DIR)",
				);
				INFOPLIST_FILE = TestPlatformPN/Info.plist;
				IPHONEOS_DEPLOYMENT_TARGET = 9.0;
				LD_RUNPATH_SEARCH_PATHS = "$(inherited) @executable_path/Frameworks";
				LIBRARY_SEARCH_PATHS = "$(inherited)";
				PRODUCT_BUNDLE_IDENTIFIER = mPulse.TestPlatformPN;
				PRODUCT_NAME = "$(TARGET_NAME)";
				PROVISIONING_PROFILE = "";
				PROVISIONING_PROFILE_SPECIFIER = "";
				SWIFT_OBJC_BRIDGING_HEADER = "TestPlatformPN/TestPlatformPN-Bridging-Header.h";
				SWIFT_VERSION = 4.0;
				TARGETED_DEVICE_FAMILY = "1,2";
			};
			name = Release;
		};
/* End XCBuildConfiguration section */

/* Begin XCConfigurationList section */
		116A78EA2057BEFB00B9218F /* Build configuration list for PBXProject "TestPlatformPN" */ = {
			isa = XCConfigurationList;
			buildConfigurations = (
				116A78FF2057BEFC00B9218F /* Debug */,
				116A79002057BEFC00B9218F /* Release */,
			);
			defaultConfigurationIsVisible = 0;
			defaultConfigurationName = Release;
		};
		116A79012057BEFC00B9218F /* Build configuration list for PBXNativeTarget "TestPlatformPN" */ = {
			isa = XCConfigurationList;
			buildConfigurations = (
				116A79022057BEFC00B9218F /* Debug */,
				116A79032057BEFC00B9218F /* Release */,
			);
			defaultConfigurationIsVisible = 0;
			defaultConfigurationName = Release;
		};
/* End XCConfigurationList section */
	};
	rootObject = 116A78E72057BEFB00B9218F /* Project object */;
}
